hash: c775b00c9bc09d1abd83e9cadf190f2ec2368bf6cb0b659d5f348c222ba677d7
updated: 2016-02-06T15:11:59.167105112+03:00
imports:
- name: collectd.org
  version: 9fc824c70f713ea0f058a07b49a4c563ef2a3b98
  repo: https://collectd.org
- name: github.com/armon/go-metrics
  version: 345426c77237ece5dab0e1605c3e4b35c3f54757
  repo: https://github.com/armon/go-metrics
- name: github.com/beorn7/perks
  version: b965b613227fddccbfffe13eae360ed3fa822f8d
  repo: https://github.com/beorn7/perks
- name: github.com/bmizerany/pat
  version: b8a35001b773c267eb260a691f4e5499a3531600
  repo: https://github.com/bmizerany/pat
- name: github.com/boj/redistore
  version: fc113767cd6b051980f260d6dbe84b2740c46ab0
- name: github.com/boltdb/bolt
  version: ee4a0888a9abe7eefe5a0992ca4cb06864839873
  repo: https://github.com/boltdb/bolt
- name: github.com/bradfitz/gomemcache
  version: fb1f79c6b65acda83063cbc69f6bba1522558bfc
- name: github.com/BurntSushi/toml
  version: 5c4df71dfe9ac89ef6287afc05e4c1b16ae65a1e
- name: github.com/codegangsta/cli
  version: cf1f63a7274872768d4037305d572b70b1199397
- name: github.com/DataDog/datadog-go
  version: bc97e0770ad4edae1c9dc14beb40b79b2dde32f8
  repo: https://github.com/DataDog/datadog-go
- name: github.com/davecgh/go-spew
  version: 5215b55f46b2b919f50a1df0eaa5886afe4e3b3d
  subpackages:
  - spew
- name: github.com/dgrijalva/jwt-go
  version: afef698c326bfd906b11659432544e5aae441d44
  repo: https://github.com/dgrijalva/jwt-go
- name: github.com/dgryski/go-bits
  version: 86c69b3c986f9d40065df5bd8f765796549eef2e
  repo: https://github.com/dgryski/go-bits
- name: github.com/dgryski/go-bitstream
  version: 27cd5973303fde7d914860be1ea4b927a6be0c92
  repo: https://github.com/dgryski/go-bitstream
- name: github.com/elazarl/go-bindata-assetfs
  version: 57eb5e1fc594ad4b0b1dbea7b286d299e0cb43c2
  repo: https://github.com/elazarl/go-bindata-assetfs
- name: github.com/franela/goreq
  version: 3ddeded65be21dacb5a2e2d0b95af9ff6862a2b5
- name: github.com/garyburd/redigo
  version: 836b6e58b3358112c8291565d01c35b8764070d7
- name: github.com/getsentry/raven-go
  version: 1cc47a9463b90f246a0503d4c2e9a55c9459ced3
  repo: https://github.com/getsentry/raven-go
- name: github.com/gin-gonic/contrib
  version: 14f66d54cdb96059bafca98665bcc6d9df4951f2
  subpackages:
  - /cache
- name: github.com/gin-gonic/gin
  version: 27f912f5b2c8ee7dd7655d479dee2fc4d41d32d7
- name: github.com/gogo/protobuf
  version: 82d16f734d6d871204a3feb1a73cb220cc92574c
  repo: https://github.com/gogo/protobuf
- name: github.com/golang/protobuf
  version: 2402d76f3d41f928c7902a765dfc872356dd3aad
  repo: https://github.com/golang/protobuf
- name: github.com/golang/snappy
  version: 1963d058044b19e16595f80d5050fa54e2070438
  repo: https://github.com/golang/snappy
- name: github.com/gorilla/context
  version: 1c83b3eabd45b6d76072b66b746c20815fb2872d
- name: github.com/gorilla/securecookie
  version: e95799a481bbcc3d01c2ad5178524cb8bec9f370
- name: github.com/gorilla/sessions
  version: 715060ac0b7d99d95d1600df329f5da94809023a
- name: github.com/hashicorp/go-msgpack
  version: fa3f63826f7c23912c15263591e65d54d080b458
  repo: https://github.com/hashicorp/go-msgpack
- name: github.com/hashicorp/raft
  version: 057b893fd996696719e98b6c44649ea14968c811
  repo: https://github.com/hashicorp/raft
- name: github.com/hashicorp/raft-boltdb
  version: d1e82c1ec3f15ee991f7cc7ffd5b67ff6f5bbaee
  repo: https://github.com/hashicorp/raft-boltdb
- name: github.com/imdario/mergo
  version: b1859b199a7171589445bdea9fa8c19362613f80
- name: github.com/influxdb/influxdb
  version: af1a22da763414b6cc2f8c12f25b107521c19a30
  repo: https://github.com/influxdb/influxdb
- name: github.com/influxdb/usage-client
  version: 475977e68d79883d9c8d67131c84e4241523f452
  repo: https://github.com/influxdb/usage-client
- name: github.com/jinzhu/gorm
  version: d1fcba9bfc0a7b95bf3fd6c8abb24a8a4200f80f
- name: github.com/jinzhu/inflection
  version: 3272df6c21d04180007eb3349844c89a3856bc25
  repo: https://github.com/jinzhu/inflection
- name: github.com/julienschmidt/httprouter
  version: ee60de09e78360ebe0ae6c28a2ce245ac959827d
  repo: https://github.com/julienschmidt/httprouter
- name: github.com/jwilder/encoding
  version: 07d88d4f35eec497617bee0c7bfe651a796dae13
  repo: https://github.com/jwilder/encoding
- name: github.com/kimor79/gollectd
  version: 61d0deeb4ffcc167b2a1baa8efd72365692811bc
  repo: https://github.com/kimor79/gollectd
- name: github.com/lib/pq
  version: f59175c2986495ff94109dee3835c504a96c3e81
- name: github.com/manucorporat/sse
  version: ee05b128a739a0fb76c7ebd3ae4810c1de808d6d
- name: github.com/matttproud/golang_protobuf_extensions
  version: d0c3fe89de86839aecf2e0579c40ba3bb336a453
  repo: https://github.com/matttproud/golang_protobuf_extensions
- name: github.com/paulbellamy/ratecounter
  version: 5a11f585a31379765c190c033b6ad39956584447
  repo: https://github.com/paulbellamy/ratecounter
- name: github.com/pborman/uuid
  version: dee7705ef7b324f27ceb85a121c61f2c2e8ce988
- name: github.com/peterh/liner
  version: ad1edfd30321d8f006ccf05f1e0524adeb943060
- name: github.com/pmezard/go-difflib
  version: 792786c7400a136282c1664665ae0a8db921c6c2
  subpackages:
  - difflib
- name: github.com/prometheus/client_golang
  version: 67994f177195311c3ea3d4407ed0175e34a4256f
  repo: https://github.com/prometheus/client_golang
- name: github.com/prometheus/client_model
  version: fa8ad6fec33561be4280a8f0514318c79d7f6cb6
  repo: https://github.com/prometheus/client_model
- name: github.com/prometheus/common
  version: dba5e39d4516169e840def50e507ef5f21b985f9
  repo: https://github.com/prometheus/common
- name: github.com/prometheus/procfs
  version: 406e5b7bfd8201a36e2bb5f7bdae0b03380c2ce8
  repo: https://github.com/prometheus/procfs
- name: github.com/rakyll/statik
  version: 274df120e9065bdd08eb1120e0375e3dc1ae8465
  repo: https://github.com/rakyll/statik
- name: github.com/rcrowley/go-metrics
  version: 51425a2415d21afadfd55cd93432c0bc69e9598d
  repo: https://github.com/rcrowley/go-metrics
- name: github.com/robfig/go-cache
  version: 9fc39e0dbf62c034ec4e45e6120fc69433a3ec51
- name: github.com/Sirupsen/logrus
  version: be52937128b38f1d99787bb476c789e2af1147f1
  repo: https://github.com/Sirupsen/logrus
- name: github.com/stathat/go
  version: cf69b0bcb80478755dc0ea1120b36000e35dcbbb
  repo: https://github.com/stathat/go
- name: github.com/stretchr/objx
  version: cbeaeb16a013161a98496fad62933b1d21786672
- name: github.com/stretchr/testify
  version: f390dcf405f7b83c997eac1b06768bb9f44dec18
  subpackages:
  - assert
- name: github.com/Unknwon/com
  version: 28b053d5a2923b87ce8c5a08f3af779894a72758
- name: github.com/yvasiyarov/go-metrics
  version: c25f46c4b94079672242ec48a545e7ca9ebe3aec
  repo: https://github.com/yvasiyarov/go-metrics
- name: github.com/yvasiyarov/gorelic
  version: 899fe5e1be7138f2440c28e77532f0635c1249f1
  repo: https://github.com/yvasiyarov/gorelic
- name: github.com/yvasiyarov/newrelic_platform_go
  version: db03d6dfd965ebc22dbfd910567c641b326ff055
  repo: https://github.com/yvasiyarov/newrelic_platform_go
- name: golang.org/x/crypto
  version: 1f22c0103821b9390939b6776727195525381532
- name: golang.org/x/net
  version: f315505cf3349909cdf013ea56690da34e96a451
- name: golang.org/x/text
  version: db2353fc1b663d79d1001e206afc02a5ec9f4291
- name: gopkg.in/airbrake/gobrake.v2
  version: c9d51adc624b5cc4c1bf8de730a09af4878ffe2d
  repo: https://gopkg.in/airbrake/gobrake.v2
- name: gopkg.in/fatih/pool.v2
  version: cba550ebf9bce999a02e963296d4bc7a486cb715
  repo: https://gopkg.in/fatih/pool.v2
- name: gopkg.in/gemnasium/logrus-airbrake-hook.v2
  version: 31e6fd4bd5a98d8ee7673d24bc54ec73c31810dd
  repo: https://gopkg.in/gemnasium/logrus-airbrake-hook.v2
- name: gopkg.in/go-playground/validator.v8
  version: c193cecd124b5cc722d7ee5538e945bdb3348435
devImports: []
